
Microsoft Visual Studio Solution File, Format Version 12.00
# Visual Studio Version 16
VisualStudioVersion = 16.0.29123.88
MinimumVisualStudioVersion = 10.0.40219.1
Project("{FAE04EC0-301F-11D3-BF4B-00C04F79EFBC}") = "StudentExercises", "StudentExercises\StudentExercises.csproj", "{89FEE8E8-E543-45BC-B78C-7F590D24CFC0}"
EndProject
Global
	GlobalSection(SolutionConfigurationPlatforms) = preSolution
		Debug|Any CPU = Debug|Any CPU
		Release|Any CPU = Release|Any CPU
	EndGlobalSection
	GlobalSection(ProjectConfigurationPlatforms) = postSolution
		{89FEE8E8-E543-45BC-B78C-7F590D24CFC0}.Debug|Any CPU.ActiveCfg = Debug|Any CPU
		{89FEE8E8-E543-45BC-B78C-7F590D24CFC0}.Debug|Any CPU.Build.0 = Debug|Any CPU
		{89FEE8E8-E543-45BC-B78C-7F590D24CFC0}.Release|Any CPU.ActiveCfg = Release|Any CPU
		{89FEE8E8-E543-45BC-B78C-7F590D24CFC0}.Release|Any CPU.Build.0 = Release|Any CPU
	EndGlobalSection
	GlobalSection(SolutionProperties) = preSolution
		HideSolutionNode = FALSE
	EndGlobalSection
	GlobalSection(ExtensibilityGlobals) = postSolution
		SolutionGuid = {B072497C-63A0-417A-A3EC-10589D01E287}
	EndGlobalSection
EndGlobal
